
Microsoft Visual Studio Solution File, Format Version 12.00
# Visual Studio Version 16
VisualStudioVersion = 16.0.30907.101
MinimumVisualStudioVersion = 10.0.40219.1
Project("{FAE04EC0-301F-11D3-BF4B-00C04F79EFBC}") = "Dictionary2", "Dictionary2\Dictionary2.csproj", "{7B5D748C-8F1E-48F8-BC64-B3ADFA6D3558}"
EndProject
Global
	GlobalSection(SolutionConfigurationPlatforms) = preSolution
		Debug|Any CPU = Debug|Any CPU
		Release|Any CPU = Release|Any CPU
	EndGlobalSection
	GlobalSection(ProjectConfigurationPlatforms) = postSolution
		{7B5D748C-8F1E-48F8-BC64-B3ADFA6D3558}.Debug|Any CPU.ActiveCfg = Debug|Any CPU
		{7B5D748C-8F1E-48F8-BC64-B3ADFA6D3558}.Debug|Any CPU.Build.0 = Debug|Any CPU
		{7B5D748C-8F1E-48F8-BC64-B3ADFA6D3558}.Release|Any CPU.ActiveCfg = Release|Any CPU
		{7B5D748C-8F1E-48F8-BC64-B3ADFA6D3558}.Release|Any CPU.Build.0 = Release|Any CPU
	EndGlobalSection
	GlobalSection(SolutionProperties) = preSolution
		HideSolutionNode = FALSE
	EndGlobalSection
	GlobalSection(ExtensibilityGlobals) = postSolution
		SolutionGuid = {107F6DCB-80E7-460C-9895-A23A5C6C9086}
	EndGlobalSection
EndGlobal
